PODS:
  - networkLayer (0.1.0)
  - Nimble (7.3.4)
  - Quick (1.2.0)

DEPENDENCIES:
  - networkLayer (from `../`)
  - Nimble (~> 7.0)
  - Quick (~> 1.2.0)

SPEC REPOS:
  https://github.com/cocoapods/specs.git:
    - Nimble
    - Quick

EXTERNAL SOURCES:
  networkLayer:
    :path: "../"

SPEC CHECKSUMS:
  networkLayer: 8a7eb56891cca48d2dbaba7280661454b07cb1b8
  Nimble: 051e3d8912d40138fa5591c78594f95fb172af37
  Quick: 58d203b1c5e27fff7229c4c1ae445ad7069a7a08

PODFILE CHECKSUM: 90af98bed77eb1da159ad503a4aabf94252376d9

COCOAPODS: 1.7.4
